
Microsoft Visual Studio Solution File, Format Version 12.00
# Visual Studio 15
VisualStudioVersion = 15.0.28307.852
MinimumVisualStudioVersion = 10.0.40219.1
Project("{FAE04EC0-301F-11D3-BF4B-00C04F79EFBC}") = "githubPages", "githubPages\githubPages.csproj", "{D6FC0902-00EC-4460-81FE-D23F74A0EEF5}"
EndProject
Global
	GlobalSection(SolutionConfigurationPlatforms) = preSolution
		Debug|Any CPU = Debug|Any CPU
		Release|Any CPU = Release|Any CPU
	EndGlobalSection
	GlobalSection(ProjectConfigurationPlatforms) = postSolution
		{D6FC0902-00EC-4460-81FE-D23F74A0EEF5}.Debug|Any CPU.ActiveCfg = Debug|Any CPU
		{D6FC0902-00EC-4460-81FE-D23F74A0EEF5}.Debug|Any CPU.Build.0 = Debug|Any CPU
		{D6FC0902-00EC-4460-81FE-D23F74A0EEF5}.Release|Any CPU.ActiveCfg = Release|Any CPU
		{D6FC0902-00EC-4460-81FE-D23F74A0EEF5}.Release|Any CPU.Build.0 = Release|Any CPU
	EndGlobalSection
	GlobalSection(SolutionProperties) = preSolution
		HideSolutionNode = FALSE
	EndGlobalSection
	GlobalSection(ExtensibilityGlobals) = postSolution
		SolutionGuid = {A6A2769C-98C6-47E9-ADB1-71CDA88FD33D}
	EndGlobalSection
EndGlobal
